// !$*UTF8*$!
{
	archiveVersion = 1;
	classes = {
	};
	objectVersion = 50;
	objects = {

/* Begin PBXBuildFile section */
		3637A74625C46A35009EFAC0 /* AppDelegate.swift in Sources */ = {isa = PBXBuildFile; fileRef = 3637A74525C46A35009EFAC0 /* AppDelegate.swift */; };
		3637A74825C46A35009EFAC0 /* SceneDelegate.swift in Sources */ = {isa = PBXBuildFile; fileRef = 3637A74725C46A35009EFAC0 /* SceneDelegate.swift */; };
		3637A74D25C46A35009EFAC0 /* Main.storyboard in Resources */ = {isa = PBXBuildFile; fileRef = 3637A74B25C46A35009EFAC0 /* Main.storyboard */; };
		3637A74F25C46A38009EFAC0 /* Assets.xcassets in Resources */ = {isa = PBXBuildFile; fileRef = 3637A74E25C46A38009EFAC0 /* Assets.xcassets */; };
		3637A75225C46A38009EFAC0 /* LaunchScreen.storyboard in Resources */ = {isa = PBXBuildFile; fileRef = 3637A75025C46A38009EFAC0 /* LaunchScreen.storyboard */; };
		3637A75D25C46A38009EFAC0 /* MovieSearchTests.swift in Sources */ = {isa = PBXBuildFile; fileRef = 3637A75C25C46A38009EFAC0 /* MovieSearchTests.swift */; };
		3637A76825C46A38009EFAC0 /* MovieSearchUITests.swift in Sources */ = {isa = PBXBuildFile; fileRef = 3637A76725C46A38009EFAC0 /* MovieSearchUITests.swift */; };
		3637A78825C46B51009EFAC0 /* MovieController.swift in Sources */ = {isa = PBXBuildFile; fileRef = 3637A78725C46B51009EFAC0 /* MovieController.swift */; };
		3637A78D25C47003009EFAC0 /* Movie.swift in Sources */ = {isa = PBXBuildFile; fileRef = 3637A78C25C47003009EFAC0 /* Movie.swift */; };
		3637A79225C47591009EFAC0 /* MovieError.swift in Sources */ = {isa = PBXBuildFile; fileRef = 3637A79125C47591009EFAC0 /* MovieError.swift */; };
		3637A79725C475CB009EFAC0 /* UIViewController+Extensions.swift in Sources */ = {isa = PBXBuildFile; fileRef = 3637A79625C475CB009EFAC0 /* UIViewController+Extensions.swift */; };
		3637A79C25C47C77009EFAC0 /* MovieListTableViewController.swift in Sources */ = {isa = PBXBuildFile; fileRef = 3637A79B25C47C77009EFAC0 /* MovieListTableViewController.swift */; };
		3637A7A125C4857F009EFAC0 /* MovieViewController.swift in Sources */ = {isa = PBXBuildFile; fileRef = 3637A7A025C4857F009EFAC0 /* MovieViewController.swift */; };
		3637A7A625C49124009EFAC0 /* MovieTableViewCell.swift in Sources */ = {isa = PBXBuildFile; fileRef = 3637A7A525C49124009EFAC0 /* MovieTableViewCell.swift */; };
		3637A7AB25C49E15009EFAC0 /* FavoriteMovieListTableViewController.swift in Sources */ = {isa = PBXBuildFile; fileRef = 3637A7AA25C49E15009EFAC0 /* FavoriteMovieListTableViewController.swift */; };
/* End PBXBuildFile section */

/* Begin PBXContainerItemProxy section */
		3637A75925C46A38009EFAC0 /* PBXContainerItemProxy */ = {
			isa = PBXContainerItemProxy;
			containerPortal = 3637A73A25C46A34009EFAC0 /* Project object */;
			proxyType = 1;
			remoteGlobalIDString = 3637A74125C46A34009EFAC0;
			remoteInfo = MovieSearch;
		};
		3637A76425C46A38009EFAC0 /* PBXContainerItemProxy */ = {
			isa = PBXContainerItemProxy;
			containerPortal = 3637A73A25C46A34009EFAC0 /* Project object */;
			proxyType = 1;
			remoteGlobalIDString = 3637A74125C46A34009EFAC0;
			remoteInfo = MovieSearch;
		};
/* End PBXContainerItemProxy section */

/* Begin PBXFileReference section */
		3637A74225C46A35009EFAC0 /* MovieSearch.app */ = {isa = PBXFileReference; explicitFileType = wrapper.application; includeInIndex = 0; path = MovieSearch.app; sourceTree = BUILT_PRODUCTS_DIR; };
		3637A74525C46A35009EFAC0 /* AppDelegate.swift */ = {isa = PBXFileReference; lastKnownFileType = sourcecode.swift; path = AppDelegate.swift; sourceTree = "<group>"; };
		3637A74725C46A35009EFAC0 /* SceneDelegate.swift */ = {isa = PBXFileReference; lastKnownFileType = sourcecode.swift; path = SceneDelegate.swift; sourceTree = "<group>"; };
		3637A74C25C46A35009EFAC0 /* Base */ = {isa = PBXFileReference; lastKnownFileType = file.storyboard; name = Base; path = Base.lproj/Main.storyboard; sourceTree = "<group>"; };
		3637A74E25C46A38009EFAC0 /* Assets.xcassets */ = {isa = PBXFileReference; lastKnownFileType = folder.assetcatalog; path = Assets.xcassets; sourceTree = "<group>"; };
		3637A75125C46A38009EFAC0 /* Base */ = {isa = PBXFileReference; lastKnownFileType = file.storyboard; name = Base; path = Base.lproj/LaunchScreen.storyboard; sourceTree = "<group>"; };
		3637A75325C46A38009EFAC0 /* Info.plist */ = {isa = PBXFileReference; lastKnownFileType = text.plist.xml; path = Info.plist; sourceTree = "<group>"; };
		3637A75825C46A38009EFAC0 /* MovieSearchTests.xctest */ = {isa = PBXFileReference; explicitFileType = wrapper.cfbundle; includeInIndex = 0; path = MovieSearchTests.xctest; sourceTree = BUILT_PRODUCTS_DIR; };
		3637A75C25C46A38009EFAC0 /* MovieSearchTests.swift */ = {isa = PBXFileReference; lastKnownFileType = sourcecode.swift; path = MovieSearchTests.swift; sourceTree = "<group>"; };
		3637A75E25C46A38009EFAC0 /* Info.plist */ = {isa = PBXFileReference; lastKnownFileType = text.plist.xml; path = Info.plist; sourceTree = "<group>"; };
		3637A76325C46A38009EFAC0 /* MovieSearchUITests.xctest */ = {isa = PBXFileReference; explicitFileType = wrapper.cfbundle; includeInIndex = 0; path = MovieSearchUITests.xctest; sourceTree = BUILT_PRODUCTS_DIR; };
		3637A76725C46A38009EFAC0 /* MovieSearchUITests.swift */ = {isa = PBXFileReference; lastKnownFileType = sourcecode.swift; path = MovieSearchUITests.swift; sourceTree = "<group>"; };
		3637A76925C46A38009EFAC0 /* Info.plist */ = {isa = PBXFileReference; lastKnownFileType = text.plist.xml; path = Info.plist; sourceTree = "<group>"; };
		3637A78725C46B51009EFAC0 /* MovieController.swift */ = {isa = PBXFileReference; lastKnownFileType = sourcecode.swift; path = MovieController.swift; sourceTree = "<group>"; };
		3637A78C25C47003009EFAC0 /* Movie.swift */ = {isa = PBXFileReference; lastKnownFileType = sourcecode.swift; path = Movie.swift; sourceTree = "<group>"; };
		3637A79125C47591009EFAC0 /* MovieError.swift */ = {isa = PBXFileReference; lastKnownFileType = sourcecode.swift; path = MovieError.swift; sourceTree = "<group>"; };
		3637A79625C475CB009EFAC0 /* UIViewController+Extensions.swift */ = {isa = PBXFileReference; lastKnownFileType = sourcecode.swift; path = "UIViewController+Extensions.swift"; sourceTree = "<group>"; };
		3637A79B25C47C77009EFAC0 /* MovieListTableViewController.swift */ = {isa = PBXFileReference; lastKnownFileType = sourcecode.swift; path = MovieListTableViewController.swift; sourceTree = "<group>"; };
		3637A7A025C4857F009EFAC0 /* MovieViewController.swift */ = {isa = PBXFileReference; lastKnownFileType = sourcecode.swift; path = MovieViewController.swift; sourceTree = "<group>"; };
		3637A7A525C49124009EFAC0 /* MovieTableViewCell.swift */ = {isa = PBXFileReference; lastKnownFileType = sourcecode.swift; path = MovieTableViewCell.swift; sourceTree = "<group>"; };
		3637A7AA25C49E15009EFAC0 /* FavoriteMovieListTableViewController.swift */ = {isa = PBXFileReference; lastKnownFileType = sourcecode.swift; path = FavoriteMovieListTableViewController.swift; sourceTree = "<group>"; };
/* End PBXFileReference section */

/* Begin PBXFrameworksBuildPhase section */
		3637A73F25C46A34009EFAC0 /* Frameworks */ = {
			isa = PBXFrameworksBuildPhase;
			buildActionMask = 2147483647;
			files = (
			);
			runOnlyForDeploymentPostprocessing = 0;
		};
		3637A75525C46A38009EFAC0 /* Frameworks */ = {
			isa = PBXFrameworksBuildPhase;
			buildActionMask = 2147483647;
			files = (
			);
			runOnlyForDeploymentPostprocessing = 0;
		};
		3637A76025C46A38009EFAC0 /* Frameworks */ = {
			isa = PBXFrameworksBuildPhase;
			buildActionMask = 2147483647;
			files = (
			);
			runOnlyForDeploymentPostprocessing = 0;
		};
/* End PBXFrameworksBuildPhase section */

/* Begin PBXGroup section */
		3637A73925C46A34009EFAC0 = {
			isa = PBXGroup;
			children = (
				3637A74425C46A35009EFAC0 /* MovieSearch */,
				3637A75B25C46A38009EFAC0 /* MovieSearchTests */,
				3637A76625C46A38009EFAC0 /* MovieSearchUITests */,
				3637A74325C46A35009EFAC0 /* Products */,
			);
			sourceTree = "<group>";
		};
		3637A74325C46A35009EFAC0 /* Products */ = {
			isa = PBXGroup;
			children = (
				3637A74225C46A35009EFAC0 /* MovieSearch.app */,
				3637A75825C46A38009EFAC0 /* MovieSearchTests.xctest */,
				3637A76325C46A38009EFAC0 /* MovieSearchUITests.xctest */,
			);
			name = Products;
			sourceTree = "<group>";
		};
		3637A74425C46A35009EFAC0 /* MovieSearch */ = {
			isa = PBXGroup;
			children = (
				3637A78525C46AFA009EFAC0 /* Models */,
				3637A78425C46AF3009EFAC0 /* Views */,
				3637A78025C46AAD009EFAC0 /* Controllers */,
				3637A78625C46B05009EFAC0 /* Helpers */,
				3637A77825C46A58009EFAC0 /* Resources */,
			);
			path = MovieSearch;
			sourceTree = "<group>";
		};
		3637A75B25C46A38009EFAC0 /* MovieSearchTests */ = {
			isa = PBXGroup;
			children = (
				3637A75C25C46A38009EFAC0 /* MovieSearchTests.swift */,
				3637A75E25C46A38009EFAC0 /* Info.plist */,
			);
			path = MovieSearchTests;
			sourceTree = "<group>";
		};
		3637A76625C46A38009EFAC0 /* MovieSearchUITests */ = {
			isa = PBXGroup;
			children = (
				3637A76725C46A38009EFAC0 /* MovieSearchUITests.swift */,
				3637A76925C46A38009EFAC0 /* Info.plist */,
			);
			path = MovieSearchUITests;
			sourceTree = "<group>";
		};
		3637A77825C46A58009EFAC0 /* Resources */ = {
			isa = PBXGroup;
			children = (
				3637A74525C46A35009EFAC0 /* AppDelegate.swift */,
				3637A74725C46A35009EFAC0 /* SceneDelegate.swift */,
				3637A74E25C46A38009EFAC0 /* Assets.xcassets */,
				3637A75325C46A38009EFAC0 /* Info.plist */,
			);
			path = Resources;
			sourceTree = "<group>";
		};
		3637A77F25C46A94009EFAC0 /* storyboards */ = {
			isa = PBXGroup;
			children = (
				3637A78325C46AE2009EFAC0 /* CustomCell */,
				3637A74B25C46A35009EFAC0 /* Main.storyboard */,
				3637A75025C46A38009EFAC0 /* LaunchScreen.storyboard */,
			);
			path = storyboards;
			sourceTree = "<group>";
		};
		3637A78025C46AAD009EFAC0 /* Controllers */ = {
			isa = PBXGroup;
			children = (
				3637A78225C46AC5009EFAC0 /* ModelControllers */,
				3637A78125C46ABA009EFAC0 /* ViewControllers */,
			);
			path = Controllers;
			sourceTree = "<group>";
		};
		3637A78125C46ABA009EFAC0 /* ViewControllers */ = {
			isa = PBXGroup;
			children = (
				3637A79B25C47C77009EFAC0 /* MovieListTableViewController.swift */,
				3637A7A025C4857F009EFAC0 /* MovieViewController.swift */,
				3637A7AA25C49E15009EFAC0 /* FavoriteMovieListTableViewController.swift */,
			);
			path = ViewControllers;
			sourceTree = "<group>";
		};
		3637A78225C46AC5009EFAC0 /* ModelControllers */ = {
			isa = PBXGroup;
			children = (
				3637A78725C46B51009EFAC0 /* MovieController.swift */,
			);
			path = ModelControllers;
			sourceTree = "<group>";
		};
		3637A78325C46AE2009EFAC0 /* CustomCell */ = {
			isa = PBXGroup;
			children = (
				3637A7A525C49124009EFAC0 /* MovieTableViewCell.swift */,
			);
			path = CustomCell;
			sourceTree = "<group>";
		};
		3637A78425C46AF3009EFAC0 /* Views */ = {
			isa = PBXGroup;
			children = (
				3637A77F25C46A94009EFAC0 /* storyboards */,
			);
			path = Views;
			sourceTree = "<group>";
		};
		3637A78525C46AFA009EFAC0 /* Models */ = {
			isa = PBXGroup;
			children = (
				3637A78C25C47003009EFAC0 /* Movie.swift */,
			);
			path = Models;
			sourceTree = "<group>";
		};
		3637A78625C46B05009EFAC0 /* Helpers */ = {
			isa = PBXGroup;
			children = (
				3637A79125C47591009EFAC0 /* MovieError.swift */,
				3637A79625C475CB009EFAC0 /* UIViewController+Extensions.swift */,
			);
			path = Helpers;
			sourceTree = "<group>";
		};
/* End PBXGroup section */

/* Begin PBXNativeTarget section */
		3637A74125C46A34009EFAC0 /* MovieSearch */ = {
			isa = PBXNativeTarget;
			buildConfigurationList = 3637A76C25C46A38009EFAC0 /* Build configuration list for PBXNativeTarget "MovieSearch" */;
			buildPhases = (
				3637A73E25C46A34009EFAC0 /* Sources */,
				3637A73F25C46A34009EFAC0 /* Frameworks */,
				3637A74025C46A34009EFAC0 /* Resources */,
			);
			buildRules = (
			);
			dependencies = (
			);
			name = MovieSearch;
			productName = MovieSearch;
			productReference = 3637A74225C46A35009EFAC0 /* MovieSearch.app */;
			productType = "com.apple.product-type.application";
		};
		3637A75725C46A38009EFAC0 /* MovieSearchTests */ = {
			isa = PBXNativeTarget;
			buildConfigurationList = 3637A76F25C46A38009EFAC0 /* Build configuration list for PBXNativeTarget "MovieSearchTests" */;
			buildPhases = (
				3637A75425C46A38009EFAC0 /* Sources */,
				3637A75525C46A38009EFAC0 /* Frameworks */,
				3637A75625C46A38009EFAC0 /* Resources */,
			);
			buildRules = (
			);
			dependencies = (
				3637A75A25C46A38009EFAC0 /* PBXTargetDependency */,
			);
			name = MovieSearchTests;
			productName = MovieSearchTests;
			productReference = 3637A75825C46A38009EFAC0 /* MovieSearchTests.xctest */;
			productType = "com.apple.product-type.bundle.unit-test";
		};
		3637A76225C46A38009EFAC0 /* MovieSearchUITests */ = {
			isa = PBXNativeTarget;
			buildConfigurationList = 3637A77225C46A38009EFAC0 /* Build configuration list for PBXNativeTarget "MovieSearchUITests" */;
			buildPhases = (
				3637A75F25C46A38009EFAC0 /* Sources */,
				3637A76025C46A38009EFAC0 /* Frameworks */,
				3637A76125C46A38009EFAC0 /* Resources */,
			);
			buildRules = (
			);
			dependencies = (
				3637A76525C46A38009EFAC0 /* PBXTargetDependency */,
			);
			name = MovieSearchUITests;
			productName = MovieSearchUITests;
			productReference = 3637A76325C46A38009EFAC0 /* MovieSearchUITests.xctest */;
			productType = "com.apple.product-type.bundle.ui-testing";
		};
/* End PBXNativeTarget section */

/* Begin PBXProject section */
		3637A73A25C46A34009EFAC0 /* Project object */ = {
			isa = PBXProject;
			attributes = {
				LastSwiftUpdateCheck = 1230;
				LastUpgradeCheck = 1230;
				TargetAttributes = {
					3637A74125C46A34009EFAC0 = {
						CreatedOnToolsVersion = 12.3;
					};
					3637A75725C46A38009EFAC0 = {
						CreatedOnToolsVersion = 12.3;
						TestTargetID = 3637A74125C46A34009EFAC0;
					};
					3637A76225C46A38009EFAC0 = {
						CreatedOnToolsVersion = 12.3;
						TestTargetID = 3637A74125C46A34009EFAC0;
					};
				};
			};
			buildConfigurationList = 3637A73D25C46A34009EFAC0 /* Build configuration list for PBXProject "MovieSearch" */;
			compatibilityVersion = "Xcode 9.3";
			developmentRegion = en;
			hasScannedForEncodings = 0;
			knownRegions = (
				en,
				Base,
			);
			mainGroup = 3637A73925C46A34009EFAC0;
			productRefGroup = 3637A74325C46A35009EFAC0 /* Products */;
			projectDirPath = "";
			projectRoot = "";
			targets = (
				3637A74125C46A34009EFAC0 /* MovieSearch */,
				3637A75725C46A38009EFAC0 /* MovieSearchTests */,
				3637A76225C46A38009EFAC0 /* MovieSearchUITests */,
			);
		};
/* End PBXProject section */

/* Begin PBXResourcesBuildPhase section */
		3637A74025C46A34009EFAC0 /* Resources */ = {
			isa = PBXResourcesBuildPhase;
			buildActionMask = 2147483647;
			files = (
				3637A75225C46A38009EFAC0 /* LaunchScreen.storyboard in Resources */,
				3637A74F25C46A38009EFAC0 /* Assets.xcassets in Resources */,
				3637A74D25C46A35009EFAC0 /* Main.storyboard in Resources */,
			);
			runOnlyForDeploymentPostprocessing = 0;
		};
		3637A75625C46A38009EFAC0 /* Resources */ = {
			isa = PBXResourcesBuildPhase;
			buildActionMask = 2147483647;
			files = (
			);
			runOnlyForDeploymentPostprocessing = 0;
		};
		3637A76125C46A38009EFAC0 /* Resources */ = {
			isa = PBXResourcesBuildPhase;
			buildActionMask = 2147483647;
			files = (
			);
			runOnlyForDeploymentPostprocessing = 0;
		};
/* End PBXResourcesBuildPhase section */

/* Begin PBXSourcesBuildPhase section */
		3637A73E25C46A34009EFAC0 /* Sources */ = {
			isa = PBXSourcesBuildPhase;
			buildActionMask = 2147483647;
			files = (
				3637A78825C46B51009EFAC0 /* MovieController.swift in Sources */,
				3637A74625C46A35009EFAC0 /* AppDelegate.swift in Sources */,
				3637A7A625C49124009EFAC0 /* MovieTableViewCell.swift in Sources */,
				3637A78D25C47003009EFAC0 /* Movie.swift in Sources */,
				3637A7A125C4857F009EFAC0 /* MovieViewController.swift in Sources */,
				3637A74825C46A35009EFAC0 /* SceneDelegate.swift in Sources */,
				3637A79725C475CB009EFAC0 /* UIViewController+Extensions.swift in Sources */,
				3637A79C25C47C77009EFAC0 /* MovieListTableViewController.swift in Sources */,
				3637A7AB25C49E15009EFAC0 /* FavoriteMovieListTableViewController.swift in Sources */,
				3637A79225C47591009EFAC0 /* MovieError.swift in Sources */,
			);
			runOnlyForDeploymentPostprocessing = 0;
		};
		3637A75425C46A38009EFAC0 /* Sources */ = {
			isa = PBXSourcesBuildPhase;
			buildActionMask = 2147483647;
			files = (
				3637A75D25C46A38009EFAC0 /* MovieSearchTests.swift in Sources */,
			);
			runOnlyForDeploymentPostprocessing = 0;
		};
		3637A75F25C46A38009EFAC0 /* Sources */ = {
			isa = PBXSourcesBuildPhase;
			buildActionMask = 2147483647;
			files = (
				3637A76825C46A38009EFAC0 /* MovieSearchUITests.swift in Sources */,
			);
			runOnlyForDeploymentPostprocessing = 0;
		};
/* End PBXSourcesBuildPhase section */

/* Begin PBXTargetDependency section */
		3637A75A25C46A38009EFAC0 /* PBXTargetDependency */ = {
			isa = PBXTargetDependency;
			target = 3637A74125C46A34009EFAC0 /* MovieSearch */;
			targetProxy = 3637A75925C46A38009EFAC0 /* PBXContainerItemProxy */;
		};
		3637A76525C46A38009EFAC0 /* PBXTargetDependency */ = {
			isa = PBXTargetDependency;
			target = 3637A74125C46A34009EFAC0 /* MovieSearch */;
			targetProxy = 3637A76425C46A38009EFAC0 /* PBXContainerItemProxy */;
		};
/* End PBXTargetDependency section */

/* Begin PBXVariantGroup section */
		3637A74B25C46A35009EFAC0 /* Main.storyboard */ = {
			isa = PBXVariantGroup;
			children = (
				3637A74C25C46A35009EFAC0 /* Base */,
			);
			name = Main.storyboard;
			sourceTree = "<group>";
		};
		3637A75025C46A38009EFAC0 /* LaunchScreen.storyboard */ = {
			isa = PBXVariantGroup;
			children = (
				3637A75125C46A38009EFAC0 /* Base */,
			);
			name = LaunchScreen.storyboard;
			sourceTree = "<group>";
		};
/* End PBXVariantGroup section */

/* Begin XCBuildConfiguration section */
		3637A76A25C46A38009EFAC0 /* Debug */ = {
			isa = XCBuildConfiguration;
			buildSettings = {
				ALWAYS_SEARCH_USER_PATHS = NO;
				CLANG_ANALYZER_NONNULL = YES;
				CLANG_ANALYZER_NUMBER_OBJECT_CONVERSION = YES_AGGRESSIVE;
				CLANG_CXX_LANGUAGE_STANDARD = "gnu++14";
				CLANG_CXX_LIBRARY = "libc++";
				CLANG_ENABLE_MODULES = YES;
				CLANG_ENABLE_OBJC_ARC = YES;
				CLANG_ENABLE_OBJC_WEAK = YES;
				CLANG_WARN_BLOCK_CAPTURE_AUTORELEASING = YES;
				CLANG_WARN_BOOL_CONVERSION = YES;
				CLANG_WARN_COMMA = YES;
				CLANG_WARN_CONSTANT_CONVERSION = YES;
				CLANG_WARN_DEPRECATED_OBJC_IMPLEMENTATIONS = YES;
				CLANG_WARN_DIRECT_OBJC_ISA_USAGE = YES_ERROR;
				CLANG_WARN_DOCUMENTATION_COMMENTS = YES;
				CLANG_WARN_EMPTY_BODY = YES;
				CLANG_WARN_ENUM_CONVERSION = YES;
				CLANG_WARN_INFINITE_RECURSION = YES;
				CLANG_WARN_INT_CONVERSION = YES;
				CLANG_WARN_NON_LITERAL_NULL_CONVERSION = YES;
				CLANG_WARN_OBJC_IMPLICIT_RETAIN_SELF = YES;
				CLANG_WARN_OBJC_LITERAL_CONVERSION = YES;
				CLANG_WARN_OBJC_ROOT_CLASS = YES_ERROR;
				CLANG_WARN_QUOTED_INCLUDE_IN_FRAMEWORK_HEADER = YES;
				CLANG_WARN_RANGE_LOOP_ANALYSIS = YES;
				CLANG_WARN_STRICT_PROTOTYPES = YES;
				CLANG_WARN_SUSPICIOUS_MOVE = YES;
				CLANG_WARN_UNGUARDED_AVAILABILITY = YES_AGGRESSIVE;
				CLANG_WARN_UNREACHABLE_CODE = YES;
				CLANG_WARN__DUPLICATE_METHOD_MATCH = YES;
				COPY_PHASE_STRIP = NO;
				DEBUG_INFORMATION_FORMAT = dwarf;
				ENABLE_STRICT_OBJC_MSGSEND = YES;
				ENABLE_TESTABILITY = YES;
				GCC_C_LANGUAGE_STANDARD = gnu11;
				GCC_DYNAMIC_NO_PIC = NO;
				GCC_NO_COMMON_BLOCKS = YES;
				GCC_OPTIMIZATION_LEVEL = 0;
				GCC_PREPROCESSOR_DEFINITIONS = (
					"DEBUG=1",
					"$(inherited)",
				);
				GCC_WARN_64_TO_32_BIT_CONVERSION = YES;
				GCC_WARN_ABOUT_RETURN_TYPE = YES_ERROR;
				GCC_WARN_UNDECLARED_SELECTOR = YES;
				GCC_WARN_UNINITIALIZED_AUTOS = YES_AGGRESSIVE;
				GCC_WARN_UNUSED_FUNCTION = YES;
				GCC_WARN_UNUSED_VARIABLE = YES;
				IPHONEOS_DEPLOYMENT_TARGET = 14.3;
				MTL_ENABLE_DEBUG_INFO = INCLUDE_SOURCE;
				MTL_FAST_MATH = YES;
				ONLY_ACTIVE_ARCH = YES;
				SDKROOT = iphoneos;
				SWIFT_ACTIVE_COMPILATION_CONDITIONS = DEBUG;
				SWIFT_OPTIMIZATION_LEVEL = "-Onone";
			};
			name = Debug;
		};
		3637A76B25C46A38009EFAC0 /* Release */ = {
			isa = XCBuildConfiguration;
			buildSettings = {
				ALWAYS_SEARCH_USER_PATHS = NO;
				CLANG_ANALYZER_NONNULL = YES;
				CLANG_ANALYZER_NUMBER_OBJECT_CONVERSION = YES_AGGRESSIVE;
				CLANG_CXX_LANGUAGE_STANDARD = "gnu++14";
				CLANG_CXX_LIBRARY = "libc++";
				CLANG_ENABLE_MODULES = YES;
				CLANG_ENABLE_OBJC_ARC = YES;
				CLANG_ENABLE_OBJC_WEAK = YES;
				CLANG_WARN_BLOCK_CAPTURE_AUTORELEASING = YES;
				CLANG_WARN_BOOL_CONVERSION = YES;
				CLANG_WARN_COMMA = YES;
				CLANG_WARN_CONSTANT_CONVERSION = YES;
				CLANG_WARN_DEPRECATED_OBJC_IMPLEMENTATIONS = YES;
				CLANG_WARN_DIRECT_OBJC_ISA_USAGE = YES_ERROR;
				CLANG_WARN_DOCUMENTATION_COMMENTS = YES;
				CLANG_WARN_EMPTY_BODY = YES;
				CLANG_WARN_ENUM_CONVERSION = YES;
				CLANG_WARN_INFINITE_RECURSION = YES;
				CLANG_WARN_INT_CONVERSION = YES;
				CLANG_WARN_NON_LITERAL_NULL_CONVERSION = YES;
				CLANG_WARN_OBJC_IMPLICIT_RETAIN_SELF = YES;
				CLANG_WARN_OBJC_LITERAL_CONVERSION = YES;
				CLANG_WARN_OBJC_ROOT_CLASS = YES_ERROR;
				CLANG_WARN_QUOTED_INCLUDE_IN_FRAMEWORK_HEADER = YES;
				CLANG_WARN_RANGE_LOOP_ANALYSIS = YES;
				CLANG_WARN_STRICT_PROTOTYPES = YES;
				CLANG_WARN_SUSPICIOUS_MOVE = YES;
				CLANG_WARN_UNGUARDED_AVAILABILITY = YES_AGGRESSIVE;
				CLANG_WARN_UNREACHABLE_CODE = YES;
				CLANG_WARN__DUPLICATE_METHOD_MATCH = YES;
				COPY_PHASE_STRIP = NO;
				DEBUG_INFORMATION_FORMAT = "dwarf-with-dsym";
				ENABLE_NS_ASSERTIONS = NO;
				ENABLE_STRICT_OBJC_MSGSEND = YES;
				GCC_C_LANGUAGE_STANDARD = gnu11;
				GCC_NO_COMMON_BLOCKS = YES;
				GCC_WARN_64_TO_32_BIT_CONVERSION = YES;
				GCC_WARN_ABOUT_RETURN_TYPE = YES_ERROR;
				GCC_WARN_UNDECLARED_SELECTOR = YES;
				GCC_WARN_UNINITIALIZED_AUTOS = YES_AGGRESSIVE;
				GCC_WARN_UNUSED_FUNCTION = YES;
				GCC_WARN_UNUSED_VARIABLE = YES;
				IPHONEOS_DEPLOYMENT_TARGET = 14.3;
				MTL_ENABLE_DEBUG_INFO = NO;
				MTL_FAST_MATH = YES;
				SDKROOT = iphoneos;
				SWIFT_COMPILATION_MODE = wholemodule;
				SWIFT_OPTIMIZATION_LEVEL = "-O";
				VALIDATE_PRODUCT = YES;
			};
			name = Release;
		};
		3637A76D25C46A38009EFAC0 /* Debug */ = {
			isa = XCBuildConfiguration;
			buildSettings = {
				ASSETCATALOG_COMPILER_APPICON_NAME = AppIcon;
				ASSETCATALOG_COMPILER_GLOBAL_ACCENT_COLOR_NAME = AccentColor;
				CODE_SIGN_STYLE = Automatic;
				DEVELOPMENT_TEAM = L73M8R7276;
				INFOPLIST_FILE = MovieSearch/Resources/Info.plist;
				LD_RUNPATH_SEARCH_PATHS = (
					"$(inherited)",
					"@executable_path/Frameworks",
				);
				PRODUCT_BUNDLE_IDENTIFIER = com.leemccormick.MovieSearch;
				PRODUCT_NAME = "$(TARGET_NAME)";
				SWIFT_VERSION = 5.0;
				TARGETED_DEVICE_FAMILY = "1,2";
			};
			name = Debug;
		};
		3637A76E25C46A38009EFAC0 /* Release */ = {
			isa = XCBuildConfiguration;
			buildSettings = {
				ASSETCATALOG_COMPILER_APPICON_NAME = AppIcon;
				ASSETCATALOG_COMPILER_GLOBAL_ACCENT_COLOR_NAME = AccentColor;
				CODE_SIGN_STYLE = Automatic;
				DEVELOPMENT_TEAM = L73M8R7276;
				INFOPLIST_FILE = MovieSearch/Resources/Info.plist;
				LD_RUNPATH_SEARCH_PATHS = (
					"$(inherited)",
					"@executable_path/Frameworks",
				);
				PRODUCT_BUNDLE_IDENTIFIER = com.leemccormick.MovieSearch;
				PRODUCT_NAME = "$(TARGET_NAME)";
				SWIFT_VERSION = 5.0;
				TARGETED_DEVICE_FAMILY = "1,2";
			};
			name = Release;
		};
		3637A77025C46A38009EFAC0 /* Debug */ = {
			isa = XCBuildConfiguration;
			buildSettings = {
				ALWAYS_EMBED_SWIFT_STANDARD_LIBRARIES = YES;
				BUNDLE_LOADER = "$(TEST_HOST)";
				CODE_SIGN_STYLE = Automatic;
				DEVELOPMENT_TEAM = L73M8R7276;
				INFOPLIST_FILE = MovieSearchTests/Info.plist;
				IPHONEOS_DEPLOYMENT_TARGET = 14.3;
				LD_RUNPATH_SEARCH_PATHS = (
					"$(inherited)",
					"@executable_path/Frameworks",
					"@loader_path/Frameworks",
				);
				PRODUCT_BUNDLE_IDENTIFIER = com.leemccormick.MovieSearchTests;
				PRODUCT_NAME = "$(TARGET_NAME)";
				SWIFT_VERSION = 5.0;
				TARGETED_DEVICE_FAMILY = "1,2";
				TEST_HOST = "$(BUILT_PRODUCTS_DIR)/MovieSearch.app/MovieSearch";
			};
			name = Debug;
		};
		3637A77125C46A38009EFAC0 /* Release */ = {
			isa = XCBuildConfiguration;
			buildSettings = {
				ALWAYS_EMBED_SWIFT_STANDARD_LIBRARIES = YES;
				BUNDLE_LOADER = "$(TEST_HOST)";
				CODE_SIGN_STYLE = Automatic;
				DEVELOPMENT_TEAM = L73M8R7276;
				INFOPLIST_FILE = MovieSearchTests/Info.plist;
				IPHONEOS_DEPLOYMENT_TARGET = 14.3;
				LD_RUNPATH_SEARCH_PATHS = (
					"$(inherited)",
					"@executable_path/Frameworks",
					"@loader_path/Frameworks",
				);
				PRODUCT_BUNDLE_IDENTIFIER = com.leemccormick.MovieSearchTests;
				PRODUCT_NAME = "$(TARGET_NAME)";
				SWIFT_VERSION = 5.0;
				TARGETED_DEVICE_FAMILY = "1,2";
				TEST_HOST = "$(BUILT_PRODUCTS_DIR)/MovieSearch.app/MovieSearch";
			};
			name = Release;
		};
		3637A77325C46A38009EFAC0 /* Debug */ = {
			isa = XCBuildConfiguration;
			buildSettings = {
				ALWAYS_EMBED_SWIFT_STANDARD_LIBRARIES = YES;
				CODE_SIGN_STYLE = Automatic;
				DEVELOPMENT_TEAM = L73M8R7276;
				INFOPLIST_FILE = MovieSearchUITests/Info.plist;
				LD_RUNPATH_SEARCH_PATHS = (
					"$(inherited)",
					"@executable_path/Frameworks",
					"@loader_path/Frameworks",
				);
				PRODUCT_BUNDLE_IDENTIFIER = com.leemccormick.MovieSearchUITests;
				PRODUCT_NAME = "$(TARGET_NAME)";
				SWIFT_VERSION = 5.0;
				TARGETED_DEVICE_FAMILY = "1,2";
				TEST_TARGET_NAME = MovieSearch;
			};
			name = Debug;
		};
		3637A77425C46A38009EFAC0 /* Release */ = {
			isa = XCBuildConfiguration;
			buildSettings = {
				ALWAYS_EMBED_SWIFT_STANDARD_LIBRARIES = YES;
				CODE_SIGN_STYLE = Automatic;
				DEVELOPMENT_TEAM = L73M8R7276;
				INFOPLIST_FILE = MovieSearchUITests/Info.plist;
				LD_RUNPATH_SEARCH_PATHS = (
					"$(inherited)",
					"@executable_path/Frameworks",
					"@loader_path/Frameworks",
				);
				PRODUCT_BUNDLE_IDENTIFIER = com.leemccormick.MovieSearchUITests;
				PRODUCT_NAME = "$(TARGET_NAME)";
				SWIFT_VERSION = 5.0;
				TARGETED_DEVICE_FAMILY = "1,2";
				TEST_TARGET_NAME = MovieSearch;
			};
			name = Release;
		};
/* End XCBuildConfiguration section */

/* Begin XCConfigurationList section */
		3637A73D25C46A34009EFAC0 /* Build configuration list for PBXProject "MovieSearch" */ = {
			isa = XCConfigurationList;
			buildConfigurations = (
				3637A76A25C46A38009EFAC0 /* Debug */,
				3637A76B25C46A38009EFAC0 /* Release */,
			);
			defaultConfigurationIsVisible = 0;
			defaultConfigurationName = Release;
		};
		3637A76C25C46A38009EFAC0 /* Build configuration list for PBXNativeTarget "MovieSearch" */ = {
			isa = XCConfigurationList;
			buildConfigurations = (
				3637A76D25C46A38009EFAC0 /* Debug */,
				3637A76E25C46A38009EFAC0 /* Release */,
			);
			defaultConfigurationIsVisible = 0;
			defaultConfigurationName = Release;
		};
		3637A76F25C46A38009EFAC0 /* Build configuration list for PBXNativeTarget "MovieSearchTests" */ = {
			isa = XCConfigurationList;
			buildConfigurations = (
				3637A77025C46A38009EFAC0 /* Debug */,
				3637A77125C46A38009EFAC0 /* Release */,
			);
			defaultConfigurationIsVisible = 0;
			defaultConfigurationName = Release;
		};
		3637A77225C46A38009EFAC0 /* Build configuration list for PBXNativeTarget "MovieSearchUITests" */ = {
			isa = XCConfigurationList;
			buildConfigurations = (
				3637A77325C46A38009EFAC0 /* Debug */,
				3637A77425C46A38009EFAC0 /* Release */,
			);
			defaultConfigurationIsVisible = 0;
			defaultConfigurationName = Release;
		};
/* End XCConfigurationList section */
	};
	rootObject = 3637A73A25C46A34009EFAC0 /* Project object */;
}
